
Microsoft Visual Studio Solution File, Format Version 12.00
# Visual Studio Version 17
VisualStudioVersion = 17.5.002.0
MinimumVisualStudioVersion = 10.0.40219.1
Project("{2150E333-8FDC-42A3-9474-1A3956D46DE8}") = "csharp-prep", "csharp-prep", "{A2D9E6B4-CC36-417A-8D6A-C1AB496AE9CC}"
EndProject
Project("{9A19103F-16F7-4668-BE54-9A1E7A4F7556}") = "Prep1", "csharp-prep\Prep1\Prep1.csproj", "{0DD071D0-3BA9-41CA-BFBF-3D03ADCA51DD}"
EndProject
Project("{9A19103F-16F7-4668-BE54-9A1E7A4F7556}") = "Prep2", "csharp-prep\Prep2\Prep2.csproj", "{00BB3573-EB8B-4F7F-B032-696D9D9AD90C}"
EndProject
Project("{9A19103F-16F7-4668-BE54-9A1E7A4F7556}") = "Prep3", "csharp-prep\Prep3\Prep3.csproj", "{9C145189-67B7-4986-9401-BD421C794C90}"
EndProject
Project("{9A19103F-16F7-4668-BE54-9A1E7A4F7556}") = "Prep4", "csharp-prep\Prep4\Prep4.csproj", "{9CBB9B86-471B-4186-8809-C7B9A33515D5}"
EndProject
Project("{9A19103F-16F7-4668-BE54-9A1E7A4F7556}") = "Prep5", "csharp-prep\Prep5\Prep5.csproj", "{425C3A40-A6C5-4767-B2CD-B43DD8A911E7}"
EndProject
Project("{2150E333-8FDC-42A3-9474-1A3956D46DE8}") = "final", "final", "{EA8C31A3-EC67-4843-8B1A-F76352362F3F}"
EndProject
Project("{9A19103F-16F7-4668-BE54-9A1E7A4F7556}") = "FinalProject", "final\FinalProject\FinalProject.csproj", "{02C7AA6E-3C9D-435C-A59F-63AF008046E8}"
EndProject
Project("{9A19103F-16F7-4668-BE54-9A1E7A4F7556}") = "Foundation1", "final\Foundation1\Foundation1.csproj", "{B0E7A1DD-8509-4B92-99F6-9E49A327D153}"
EndProject
Project("{9A19103F-16F7-4668-BE54-9A1E7A4F7556}") = "Foundation2", "final\Foundation2\Foundation2.csproj", "{8C06BDCC-C5EB-47AE-8634-C854A1D4C6BB}"
EndProject
Project("{9A19103F-16F7-4668-BE54-9A1E7A4F7556}") = "Foundation3", "final\Foundation3\Foundation3.csproj", "{09F8D85D-71FD-4DD2-AFF4-1DB1B842DAC3}"
EndProject
Project("{9A19103F-16F7-4668-BE54-9A1E7A4F7556}") = "Foundation4", "final\Foundation4\Foundation4.csproj", "{55829477-8953-4C3B-B157-21DB071F56D1}"
EndProject
Project("{2150E333-8FDC-42A3-9474-1A3956D46DE8}") = "prepare", "prepare", "{E87ABC72-5A03-41AD-8DA9-8544438E2FC9}"
EndProject
Project("{9A19103F-16F7-4668-BE54-9A1E7A4F7556}") = "Learning02", "prepare\Learning02\Learning02.csproj", "{3D8E17CF-02AA-4FF5-BEDD-101989990EC9}"
EndProject
Project("{9A19103F-16F7-4668-BE54-9A1E7A4F7556}") = "Learning03", "prepare\Learning03\Learning03.csproj", "{2FA8E156-5BD4-4E4F-9D41-83BCF73797B2}"
EndProject
Project("{9A19103F-16F7-4668-BE54-9A1E7A4F7556}") = "Learning04", "prepare\Learning04\Learning04.csproj", "{D2D559AE-C76B-43DE-A45D-6F52DE55C480}"
EndProject
Project("{9A19103F-16F7-4668-BE54-9A1E7A4F7556}") = "Learning05", "prepare\Learning05\Learning05.csproj", "{BABD874C-5A06-461E-843F-C8F04B29FEA6}"
EndProject
Project("{2150E333-8FDC-42A3-9474-1A3956D46DE8}") = "prove", "prove", "{48E59DD0-307C-4AAF-9779-599B881687A9}"
EndProject
Project("{9A19103F-16F7-4668-BE54-9A1E7A4F7556}") = "Develop02", "prove\Develop02\Develop02.csproj", "{90315ACE-DAA5-4815-B744-F3A80D21D219}"
EndProject
Project("{9A19103F-16F7-4668-BE54-9A1E7A4F7556}") = "Develop03", "prove\Develop03\Develop03.csproj", "{6B9B9A4A-4457-470D-9679-9975031AE45C}"
EndProject
Project("{9A19103F-16F7-4668-BE54-9A1E7A4F7556}") = "Develop04", "prove\Develop04\Develop04.csproj", "{4724741A-0C07-4313-9FDC-A43FA5461185}"
EndProject
Project("{9A19103F-16F7-4668-BE54-9A1E7A4F7556}") = "Develop05", "prove\Develop05\Develop05.csproj", "{BBE53899-6F46-424C-A0C9-E8BB0EC637E0}"
EndProject
Project("{2150E333-8FDC-42A3-9474-1A3956D46DE8}") = "sandbox", "sandbox", "{712C4D22-A3D2-40F1-8D18-0EE0D39C1214}"
EndProject
Project("{9A19103F-16F7-4668-BE54-9A1E7A4F7556}") = "Sandbox", "sandbox\Sandbox\Sandbox.csproj", "{8F19080C-BBF6-40C9-B524-C4D3312E91FD}"
EndProject
Global
	GlobalSection(SolutionConfigurationPlatforms) = preSolution
		Debug|Any CPU = Debug|Any CPU
		Release|Any CPU = Release|Any CPU
	EndGlobalSection
	GlobalSection(ProjectConfigurationPlatforms) = postSolution
		{0DD071D0-3BA9-41CA-BFBF-3D03ADCA51DD}.Debug|Any CPU.ActiveCfg = Debug|Any CPU
		{0DD071D0-3BA9-41CA-BFBF-3D03ADCA51DD}.Debug|Any CPU.Build.0 = Debug|Any CPU
		{0DD071D0-3BA9-41CA-BFBF-3D03ADCA51DD}.Release|Any CPU.ActiveCfg = Release|Any CPU
		{0DD071D0-3BA9-41CA-BFBF-3D03ADCA51DD}.Release|Any CPU.Build.0 = Release|Any CPU
		{00BB3573-EB8B-4F7F-B032-696D9D9AD90C}.Debug|Any CPU.ActiveCfg = Debug|Any CPU
		{00BB3573-EB8B-4F7F-B032-696D9D9AD90C}.Debug|Any CPU.Build.0 = Debug|Any CPU
		{00BB3573-EB8B-4F7F-B032-696D9D9AD90C}.Release|Any CPU.ActiveCfg = Release|Any CPU
		{00BB3573-EB8B-4F7F-B032-696D9D9AD90C}.Release|Any CPU.Build.0 = Release|Any CPU
		{9C145189-67B7-4986-9401-BD421C794C90}.Debug|Any CPU.ActiveCfg = Debug|Any CPU
		{9C145189-67B7-4986-9401-BD421C794C90}.Debug|Any CPU.Build.0 = Debug|Any CPU
		{9C145189-67B7-4986-9401-BD421C794C90}.Release|Any CPU.ActiveCfg = Release|Any CPU
		{9C145189-67B7-4986-9401-BD421C794C90}.Release|Any CPU.Build.0 = Release|Any CPU
		{9CBB9B86-471B-4186-8809-C7B9A33515D5}.Debug|Any CPU.ActiveCfg = Debug|Any CPU
		{9CBB9B86-471B-4186-8809-C7B9A33515D5}.Debug|Any CPU.Build.0 = Debug|Any CPU
		{9CBB9B86-471B-4186-8809-C7B9A33515D5}.Release|Any CPU.ActiveCfg = Release|Any CPU
		{9CBB9B86-471B-4186-8809-C7B9A33515D5}.Release|Any CPU.Build.0 = Release|Any CPU
		{425C3A40-A6C5-4767-B2CD-B43DD8A911E7}.Debug|Any CPU.ActiveCfg = Debug|Any CPU
		{425C3A40-A6C5-4767-B2CD-B43DD8A911E7}.Debug|Any CPU.Build.0 = Debug|Any CPU
		{425C3A40-A6C5-4767-B2CD-B43DD8A911E7}.Release|Any CPU.ActiveCfg = Release|Any CPU
		{425C3A40-A6C5-4767-B2CD-B43DD8A911E7}.Release|Any CPU.Build.0 = Release|Any CPU
		{02C7AA6E-3C9D-435C-A59F-63AF008046E8}.Debug|Any CPU.ActiveCfg = Debug|Any CPU
		{02C7AA6E-3C9D-435C-A59F-63AF008046E8}.Debug|Any CPU.Build.0 = Debug|Any CPU
		{02C7AA6E-3C9D-435C-A59F-63AF008046E8}.Release|Any CPU.ActiveCfg = Release|Any CPU
		{02C7AA6E-3C9D-435C-A59F-63AF008046E8}.Release|Any CPU.Build.0 = Release|Any CPU
		{B0E7A1DD-8509-4B92-99F6-9E49A327D153}.Debug|Any CPU.ActiveCfg = Debug|Any CPU
		{B0E7A1DD-8509-4B92-99F6-9E49A327D153}.Debug|Any CPU.Build.0 = Debug|Any CPU
		{B0E7A1DD-8509-4B92-99F6-9E49A327D153}.Release|Any CPU.ActiveCfg = Release|Any CPU
		{B0E7A1DD-8509-4B92-99F6-9E49A327D153}.Release|Any CPU.Build.0 = Release|Any CPU
		{8C06BDCC-C5EB-47AE-8634-C854A1D4C6BB}.Debug|Any CPU.ActiveCfg = Debug|Any CPU
		{8C06BDCC-C5EB-47AE-8634-C854A1D4C6BB}.Debug|Any CPU.Build.0 = Debug|Any CPU
		{8C06BDCC-C5EB-47AE-8634-C854A1D4C6BB}.Release|Any CPU.ActiveCfg = Release|Any CPU
		{8C06BDCC-C5EB-47AE-8634-C854A1D4C6BB}.Release|Any CPU.Build.0 = Release|Any CPU
		{09F8D85D-71FD-4DD2-AFF4-1DB1B842DAC3}.Debug|Any CPU.ActiveCfg = Debug|Any CPU
		{09F8D85D-71FD-4DD2-AFF4-1DB1B842DAC3}.Debug|Any CPU.Build.0 = Debug|Any CPU
		{09F8D85D-71FD-4DD2-AFF4-1DB1B842DAC3}.Release|Any CPU.ActiveCfg = Release|Any CPU
		{09F8D85D-71FD-4DD2-AFF4-1DB1B842DAC3}.Release|Any CPU.Build.0 = Release|Any CPU
		{55829477-8953-4C3B-B157-21DB071F56D1}.Debug|Any CPU.ActiveCfg = Debug|Any CPU
		{55829477-8953-4C3B-B157-21DB071F56D1}.Debug|Any CPU.Build.0 = Debug|Any CPU
		{55829477-8953-4C3B-B157-21DB071F56D1}.Release|Any CPU.ActiveCfg = Release|Any CPU
		{55829477-8953-4C3B-B157-21DB071F56D1}.Release|Any CPU.Build.0 = Release|Any CPU
		{3D8E17CF-02AA-4FF5-BEDD-101989990EC9}.Debug|Any CPU.ActiveCfg = Debug|Any CPU
		{3D8E17CF-02AA-4FF5-BEDD-101989990EC9}.Debug|Any CPU.Build.0 = Debug|Any CPU
		{3D8E17CF-02AA-4FF5-BEDD-101989990EC9}.Release|Any CPU.ActiveCfg = Release|Any CPU
		{3D8E17CF-02AA-4FF5-BEDD-101989990EC9}.Release|Any CPU.Build.0 = Release|Any CPU
		{2FA8E156-5BD4-4E4F-9D41-83BCF73797B2}.Debug|Any CPU.ActiveCfg = Debug|Any CPU
		{2FA8E156-5BD4-4E4F-9D41-83BCF73797B2}.Debug|Any CPU.Build.0 = Debug|Any CPU
		{2FA8E156-5BD4-4E4F-9D41-83BCF73797B2}.Release|Any CPU.ActiveCfg = Release|Any CPU
		{2FA8E156-5BD4-4E4F-9D41-83BCF73797B2}.Release|Any CPU.Build.0 = Release|Any CPU
		{D2D559AE-C76B-43DE-A45D-6F52DE55C480}.Debug|Any CPU.ActiveCfg = Debug|Any CPU
		{D2D559AE-C76B-43DE-A45D-6F52DE55C480}.Debug|Any CPU.Build.0 = Debug|Any CPU
		{D2D559AE-C76B-43DE-A45D-6F52DE55C480}.Release|Any CPU.ActiveCfg = Release|Any CPU
		{D2D559AE-C76B-43DE-A45D-6F52DE55C480}.Release|Any CPU.Build.0 = Release|Any CPU
		{BABD874C-5A06-461E-843F-C8F04B29FEA6}.Debug|Any CPU.ActiveCfg = Debug|Any CPU
		{BABD874C-5A06-461E-843F-C8F04B29FEA6}.Debug|Any CPU.Build.0 = Debug|Any CPU
		{BABD874C-5A06-461E-843F-C8F04B29FEA6}.Release|Any CPU.ActiveCfg = Release|Any CPU
		{BABD874C-5A06-461E-843F-C8F04B29FEA6}.Release|Any CPU.Build.0 = Release|Any CPU
		{90315ACE-DAA5-4815-B744-F3A80D21D219}.Debug|Any CPU.ActiveCfg = Debug|Any CPU
		{90315ACE-DAA5-4815-B744-F3A80D21D219}.Debug|Any CPU.Build.0 = Debug|Any CPU
		{90315ACE-DAA5-4815-B744-F3A80D21D219}.Release|Any CPU.ActiveCfg = Release|Any CPU
		{90315ACE-DAA5-4815-B744-F3A80D21D219}.Release|Any CPU.Build.0 = Release|Any CPU
		{6B9B9A4A-4457-470D-9679-9975031AE45C}.Debug|Any CPU.ActiveCfg = Debug|Any CPU
		{6B9B9A4A-4457-470D-9679-9975031AE45C}.Debug|Any CPU.Build.0 = Debug|Any CPU
		{6B9B9A4A-4457-470D-9679-9975031AE45C}.Release|Any CPU.ActiveCfg = Release|Any CPU
		{6B9B9A4A-4457-470D-9679-9975031AE45C}.Release|Any CPU.Build.0 = Release|Any CPU
		{4724741A-0C07-4313-9FDC-A43FA5461185}.Debug|Any CPU.ActiveCfg = Debug|Any CPU
		{4724741A-0C07-4313-9FDC-A43FA5461185}.Debug|Any CPU.Build.0 = Debug|Any CPU
		{4724741A-0C07-4313-9FDC-A43FA5461185}.Release|Any CPU.ActiveCfg = Release|Any CPU
		{4724741A-0C07-4313-9FDC-A43FA5461185}.Release|Any CPU.Build.0 = Release|Any CPU
		{BBE53899-6F46-424C-A0C9-E8BB0EC637E0}.Debug|Any CPU.ActiveCfg = Debug|Any CPU
		{BBE53899-6F46-424C-A0C9-E8BB0EC637E0}.Debug|Any CPU.Build.0 = Debug|Any CPU
		{BBE53899-6F46-424C-A0C9-E8BB0EC637E0}.Release|Any CPU.ActiveCfg = Release|Any CPU
		{BBE53899-6F46-424C-A0C9-E8BB0EC637E0}.Release|Any CPU.Build.0 = Release|Any CPU
		{8F19080C-BBF6-40C9-B524-C4D3312E91FD}.Debug|Any CPU.ActiveCfg = Debug|Any CPU
		{8F19080C-BBF6-40C9-B524-C4D3312E91FD}.Debug|Any CPU.Build.0 = Debug|Any CPU
		{8F19080C-BBF6-40C9-B524-C4D3312E91FD}.Release|Any CPU.ActiveCfg = Release|Any CPU
		{8F19080C-BBF6-40C9-B524-C4D3312E91FD}.Release|Any CPU.Build.0 = Release|Any CPU
	EndGlobalSection
	GlobalSection(SolutionProperties) = preSolution
		HideSolutionNode = FALSE
	EndGlobalSection
	GlobalSection(NestedProjects) = preSolution
		{0DD071D0-3BA9-41CA-BFBF-3D03ADCA51DD} = {A2D9E6B4-CC36-417A-8D6A-C1AB496AE9CC}
		{00BB3573-EB8B-4F7F-B032-696D9D9AD90C} = {A2D9E6B4-CC36-417A-8D6A-C1AB496AE9CC}
		{9C145189-67B7-4986-9401-BD421C794C90} = {A2D9E6B4-CC36-417A-8D6A-C1AB496AE9CC}
		{9CBB9B86-471B-4186-8809-C7B9A33515D5} = {A2D9E6B4-CC36-417A-8D6A-C1AB496AE9CC}
		{425C3A40-A6C5-4767-B2CD-B43DD8A911E7} = {A2D9E6B4-CC36-417A-8D6A-C1AB496AE9CC}
		{02C7AA6E-3C9D-435C-A59F-63AF008046E8} = {EA8C31A3-EC67-4843-8B1A-F76352362F3F}
		{B0E7A1DD-8509-4B92-99F6-9E49A327D153} = {EA8C31A3-EC67-4843-8B1A-F76352362F3F}
		{8C06BDCC-C5EB-47AE-8634-C854A1D4C6BB} = {EA8C31A3-EC67-4843-8B1A-F76352362F3F}
		{09F8D85D-71FD-4DD2-AFF4-1DB1B842DAC3} = {EA8C31A3-EC67-4843-8B1A-F76352362F3F}
		{55829477-8953-4C3B-B157-21DB071F56D1} = {EA8C31A3-EC67-4843-8B1A-F76352362F3F}
		{3D8E17CF-02AA-4FF5-BEDD-101989990EC9} = {E87ABC72-5A03-41AD-8DA9-8544438E2FC9}
		{2FA8E156-5BD4-4E4F-9D41-83BCF73797B2} = {E87ABC72-5A03-41AD-8DA9-8544438E2FC9}
		{D2D559AE-C76B-43DE-A45D-6F52DE55C480} = {E87ABC72-5A03-41AD-8DA9-8544438E2FC9}
		{BABD874C-5A06-461E-843F-C8F04B29FEA6} = {E87ABC72-5A03-41AD-8DA9-8544438E2FC9}
		{90315ACE-DAA5-4815-B744-F3A80D21D219} = {48E59DD0-307C-4AAF-9779-599B881687A9}
		{6B9B9A4A-4457-470D-9679-9975031AE45C} = {48E59DD0-307C-4AAF-9779-599B881687A9}
		{4724741A-0C07-4313-9FDC-A43FA5461185} = {48E59DD0-307C-4AAF-9779-599B881687A9}
		{BBE53899-6F46-424C-A0C9-E8BB0EC637E0} = {48E59DD0-307C-4AAF-9779-599B881687A9}
		{8F19080C-BBF6-40C9-B524-C4D3312E91FD} = {712C4D22-A3D2-40F1-8D18-0EE0D39C1214}
	EndGlobalSection
	GlobalSection(ExtensibilityGlobals) = postSolution
		SolutionGuid = {961BC288-FEE9-460F-97AC-4B6236685269}
	EndGlobalSection
EndGlobal
